
Microsoft Visual Studio Solution File, Format Version 12.00
# Visual Studio Version 16
VisualStudioVersion = 16.0.32002.261
MinimumVisualStudioVersion = 10.0.40219.1
Project("{FAE04EC0-301F-11D3-BF4B-00C04F79EFBC}") = "001MVC", "001MVC\001MVC.csproj", "{62EEB1D6-5E48-4A31-B744-A431C726C39D}"
EndProject
Global
	GlobalSection(SolutionConfigurationPlatforms) = preSolution
		Debug|Any CPU = Debug|Any CPU
		Release|Any CPU = Release|Any CPU
	EndGlobalSection
	GlobalSection(ProjectConfigurationPlatforms) = postSolution
		{62EEB1D6-5E48-4A31-B744-A431C726C39D}.Debug|Any CPU.ActiveCfg = Debug|Any CPU
		{62EEB1D6-5E48-4A31-B744-A431C726C39D}.Debug|Any CPU.Build.0 = Debug|Any CPU
		{62EEB1D6-5E48-4A31-B744-A431C726C39D}.Release|Any CPU.ActiveCfg = Release|Any CPU
		{62EEB1D6-5E48-4A31-B744-A431C726C39D}.Release|Any CPU.Build.0 = Release|Any CPU
	EndGlobalSection
	GlobalSection(SolutionProperties) = preSolution
		HideSolutionNode = FALSE
	EndGlobalSection
	GlobalSection(ExtensibilityGlobals) = postSolution
		SolutionGuid = {8547643A-3B58-4C1C-9150-8165409B8E5E}
	EndGlobalSection
EndGlobal
